
Microsoft Visual Studio Solution File, Format Version 12.00
# Visual Studio Version 17
VisualStudioVersion = 17.4.33403.182
MinimumVisualStudioVersion = 10.0.40219.1
Project("{FAE04EC0-301F-11D3-BF4B-00C04F79EFBC}") = "PTBlog", "PTBlog\PTBlog.csproj", "{F6B64ABD-3862-4F9D-AC8B-B3FA44FC92A4}"
EndProject
Project("{FAE04EC0-301F-11D3-BF4B-00C04F79EFBC}") = "PTBlogTests.Unit", "PTBlogTests.Unit\PTBlogTests.Unit.csproj", "{31D43F24-34C7-4983-8029-543FF0BC75FC}"
EndProject
Global
	GlobalSection(SolutionConfigurationPlatforms) = preSolution
		Debug|Any CPU = Debug|Any CPU
		Release|Any CPU = Release|Any CPU
	EndGlobalSection
	GlobalSection(ProjectConfigurationPlatforms) = postSolution
		{F6B64ABD-3862-4F9D-AC8B-B3FA44FC92A4}.Debug|Any CPU.ActiveCfg = Debug|Any CPU
		{F6B64ABD-3862-4F9D-AC8B-B3FA44FC92A4}.Debug|Any CPU.Build.0 = Debug|Any CPU
		{F6B64ABD-3862-4F9D-AC8B-B3FA44FC92A4}.Release|Any CPU.ActiveCfg = Release|Any CPU
		{F6B64ABD-3862-4F9D-AC8B-B3FA44FC92A4}.Release|Any CPU.Build.0 = Release|Any CPU
		{31D43F24-34C7-4983-8029-543FF0BC75FC}.Debug|Any CPU.ActiveCfg = Debug|Any CPU
		{31D43F24-34C7-4983-8029-543FF0BC75FC}.Debug|Any CPU.Build.0 = Debug|Any CPU
		{31D43F24-34C7-4983-8029-543FF0BC75FC}.Release|Any CPU.ActiveCfg = Release|Any CPU
		{31D43F24-34C7-4983-8029-543FF0BC75FC}.Release|Any CPU.Build.0 = Release|Any CPU
	EndGlobalSection
	GlobalSection(SolutionProperties) = preSolution
		HideSolutionNode = FALSE
	EndGlobalSection
	GlobalSection(ExtensibilityGlobals) = postSolution
		SolutionGuid = {75859A23-19E8-4151-952E-488236C2AB44}
	EndGlobalSection
EndGlobal
